
Microsoft Visual Studio Solution File, Format Version 12.00
# Visual Studio Version 16
VisualStudioVersion = 16.0.31702.278
MinimumVisualStudioVersion = 10.0.40219.1
Project("{9A19103F-16F7-4668-BE54-9A1E7A4F7556}") = "Agency", "Agency\Agency.csproj", "{DDB4DE92-7CDA-436E-932A-8C20EEE9D6D0}"
EndProject
Project("{FAE04EC0-301F-11D3-BF4B-00C04F79EFBC}") = "Core", "Core\Core.csproj", "{E78B8258-507E-4B88-B86E-1CB661CFC40D}"
EndProject
Project("{FAE04EC0-301F-11D3-BF4B-00C04F79EFBC}") = "Data", "Data\Data.csproj", "{EB4239B6-2DA4-4B1A-9798-6519502EBBE2}"
EndProject
Global
	GlobalSection(SolutionConfigurationPlatforms) = preSolution
		Debug|Any CPU = Debug|Any CPU
		Release|Any CPU = Release|Any CPU
	EndGlobalSection
	GlobalSection(ProjectConfigurationPlatforms) = postSolution
		{DDB4DE92-7CDA-436E-932A-8C20EEE9D6D0}.Debug|Any CPU.ActiveCfg = Debug|Any CPU
		{DDB4DE92-7CDA-436E-932A-8C20EEE9D6D0}.Debug|Any CPU.Build.0 = Debug|Any CPU
		{DDB4DE92-7CDA-436E-932A-8C20EEE9D6D0}.Release|Any CPU.ActiveCfg = Release|Any CPU
		{DDB4DE92-7CDA-436E-932A-8C20EEE9D6D0}.Release|Any CPU.Build.0 = Release|Any CPU
		{E78B8258-507E-4B88-B86E-1CB661CFC40D}.Debug|Any CPU.ActiveCfg = Debug|Any CPU
		{E78B8258-507E-4B88-B86E-1CB661CFC40D}.Debug|Any CPU.Build.0 = Debug|Any CPU
		{E78B8258-507E-4B88-B86E-1CB661CFC40D}.Release|Any CPU.ActiveCfg = Release|Any CPU
		{E78B8258-507E-4B88-B86E-1CB661CFC40D}.Release|Any CPU.Build.0 = Release|Any CPU
		{EB4239B6-2DA4-4B1A-9798-6519502EBBE2}.Debug|Any CPU.ActiveCfg = Debug|Any CPU
		{EB4239B6-2DA4-4B1A-9798-6519502EBBE2}.Debug|Any CPU.Build.0 = Debug|Any CPU
		{EB4239B6-2DA4-4B1A-9798-6519502EBBE2}.Release|Any CPU.ActiveCfg = Release|Any CPU
		{EB4239B6-2DA4-4B1A-9798-6519502EBBE2}.Release|Any CPU.Build.0 = Release|Any CPU
	EndGlobalSection
	GlobalSection(SolutionProperties) = preSolution
		HideSolutionNode = FALSE
	EndGlobalSection
	GlobalSection(ExtensibilityGlobals) = postSolution
		SolutionGuid = {C31B83DD-7E37-498D-9873-437B08DC8525}
	EndGlobalSection
EndGlobal
